
Microsoft Visual Studio Solution File, Format Version 12.00
# Visual Studio Version 17
VisualStudioVersion = 17.12.35527.113
MinimumVisualStudioVersion = 10.0.40219.1
Project("{FAE04EC0-301F-11D3-BF4B-00C04F79EFBC}") = "DriverGuide.Domain", "DriverGuide.Domain\DriverGuide.Domain.csproj", "{2E84BA4A-AAB7-4874-9C97-FE6FC88528FC}"
EndProject
Project("{FAE04EC0-301F-11D3-BF4B-00C04F79EFBC}") = "DriverGuide.Application", "DriverGuide.Application\DriverGuide.Application.csproj", "{69299122-96A7-4FC0-B063-B2119AE4B731}"
EndProject
Project("{FAE04EC0-301F-11D3-BF4B-00C04F79EFBC}") = "DriverGuide.Service", "DriverGuide.Service\DriverGuide.Service.csproj", "{08A0C4BF-3008-4852-A3AD-29FD2241B45A}"
EndProject
Project("{FAE04EC0-301F-11D3-BF4B-00C04F79EFBC}") = "DriverGuide.Infrastructure", "DriverGuide.Infrastructure\DriverGuide.Infrastructure.csproj", "{6063C447-8370-7B17-C02B-4E056E9E735A}"
EndProject
Project("{FAE04EC0-301F-11D3-BF4B-00C04F79EFBC}") = "DriverGuide.UI", "DriverGuide.UI\DriverGuide.UI.csproj", "{1E960984-CF31-45A0-83CB-1C3A806BC451}"
EndProject
Project("{FAE04EC0-301F-11D3-BF4B-00C04F79EFBC}") = "DriverGuide.Tests", "DriverGuide.Tests\DriverGuide.Tests.csproj", "{BD2BF126-C3D2-4374-A511-FE6777F6B36C}"
EndProject
Global
	GlobalSection(SolutionConfigurationPlatforms) = preSolution
		Debug|Any CPU = Debug|Any CPU
		Release|Any CPU = Release|Any CPU
	EndGlobalSection
	GlobalSection(ProjectConfigurationPlatforms) = postSolution
		{2E84BA4A-AAB7-4874-9C97-FE6FC88528FC}.Debug|Any CPU.ActiveCfg = Debug|Any CPU
		{2E84BA4A-AAB7-4874-9C97-FE6FC88528FC}.Debug|Any CPU.Build.0 = Debug|Any CPU
		{2E84BA4A-AAB7-4874-9C97-FE6FC88528FC}.Release|Any CPU.ActiveCfg = Release|Any CPU
		{2E84BA4A-AAB7-4874-9C97-FE6FC88528FC}.Release|Any CPU.Build.0 = Release|Any CPU
		{69299122-96A7-4FC0-B063-B2119AE4B731}.Debug|Any CPU.ActiveCfg = Debug|Any CPU
		{69299122-96A7-4FC0-B063-B2119AE4B731}.Debug|Any CPU.Build.0 = Debug|Any CPU
		{69299122-96A7-4FC0-B063-B2119AE4B731}.Release|Any CPU.ActiveCfg = Release|Any CPU
		{69299122-96A7-4FC0-B063-B2119AE4B731}.Release|Any CPU.Build.0 = Release|Any CPU
		{08A0C4BF-3008-4852-A3AD-29FD2241B45A}.Debug|Any CPU.ActiveCfg = Debug|Any CPU
		{08A0C4BF-3008-4852-A3AD-29FD2241B45A}.Debug|Any CPU.Build.0 = Debug|Any CPU
		{08A0C4BF-3008-4852-A3AD-29FD2241B45A}.Release|Any CPU.ActiveCfg = Release|Any CPU
		{08A0C4BF-3008-4852-A3AD-29FD2241B45A}.Release|Any CPU.Build.0 = Release|Any CPU
		{6063C447-8370-7B17-C02B-4E056E9E735A}.Debug|Any CPU.ActiveCfg = Debug|Any CPU
		{6063C447-8370-7B17-C02B-4E056E9E735A}.Debug|Any CPU.Build.0 = Debug|Any CPU
		{6063C447-8370-7B17-C02B-4E056E9E735A}.Release|Any CPU.ActiveCfg = Release|Any CPU
		{6063C447-8370-7B17-C02B-4E056E9E735A}.Release|Any CPU.Build.0 = Release|Any CPU
		{1E960984-CF31-45A0-83CB-1C3A806BC451}.Debug|Any CPU.ActiveCfg = Debug|Any CPU
		{1E960984-CF31-45A0-83CB-1C3A806BC451}.Debug|Any CPU.Build.0 = Debug|Any CPU
		{1E960984-CF31-45A0-83CB-1C3A806BC451}.Release|Any CPU.ActiveCfg = Release|Any CPU
		{1E960984-CF31-45A0-83CB-1C3A806BC451}.Release|Any CPU.Build.0 = Release|Any CPU
		{BD2BF126-C3D2-4374-A511-FE6777F6B36C}.Debug|Any CPU.ActiveCfg = Debug|Any CPU
		{BD2BF126-C3D2-4374-A511-FE6777F6B36C}.Debug|Any CPU.Build.0 = Debug|Any CPU
		{BD2BF126-C3D2-4374-A511-FE6777F6B36C}.Release|Any CPU.ActiveCfg = Release|Any CPU
		{BD2BF126-C3D2-4374-A511-FE6777F6B36C}.Release|Any CPU.Build.0 = Release|Any CPU
	EndGlobalSection
	GlobalSection(SolutionProperties) = preSolution
		HideSolutionNode = FALSE
	EndGlobalSection
	GlobalSection(ExtensibilityGlobals) = postSolution
		SolutionGuid = {C187413B-4415-4373-8AA3-5C28CFB2474F}
	EndGlobalSection
EndGlobal
